
Microsoft Visual Studio Solution File, Format Version 12.00
# Visual Studio Version 16
VisualStudioVersion = 16.0.28803.352
MinimumVisualStudioVersion = 10.0.40219.1
Project("{FAE04EC0-301F-11D3-BF4B-00C04F79EFBC}") = "WindowsFormsApp1", "WindowsFormsApp1\WindowsFormsApp1.csproj", "{7D4D77F7-696B-44BF-BB53-9A12ABF4943F}"
EndProject
Global
	GlobalSection(SolutionConfigurationPlatforms) = preSolution
		Debug|Any CPU = Debug|Any CPU
		Release|Any CPU = Release|Any CPU
	EndGlobalSection
	GlobalSection(ProjectConfigurationPlatforms) = postSolution
		{7D4D77F7-696B-44BF-BB53-9A12ABF4943F}.Debug|Any CPU.ActiveCfg = Debug|Any CPU
		{7D4D77F7-696B-44BF-BB53-9A12ABF4943F}.Debug|Any CPU.Build.0 = Debug|Any CPU
		{7D4D77F7-696B-44BF-BB53-9A12ABF4943F}.Release|Any CPU.ActiveCfg = Release|Any CPU
		{7D4D77F7-696B-44BF-BB53-9A12ABF4943F}.Release|Any CPU.Build.0 = Release|Any CPU
	EndGlobalSection
	GlobalSection(SolutionProperties) = preSolution
		HideSolutionNode = FALSE
	EndGlobalSection
	GlobalSection(ExtensibilityGlobals) = postSolution
		SolutionGuid = {1D277615-419D-45C8-812E-63A0B6F31A6B}
	EndGlobalSection
EndGlobal
